
Microsoft Visual Studio Solution File, Format Version 12.00
# Visual Studio Version 17
VisualStudioVersion = 17.11.35327.3
MinimumVisualStudioVersion = 10.0.40219.1
Project("{FAE04EC0-301F-11D3-BF4B-00C04F79EFBC}") = "AirBallonGame", "AirBallonGame.csproj", "{06F0BD08-80F1-4363-84AD-77CEC87F80AE}"
EndProject
Global
	GlobalSection(SolutionConfigurationPlatforms) = preSolution
		Debug|Any CPU = Debug|Any CPU
		Release|Any CPU = Release|Any CPU
	EndGlobalSection
	GlobalSection(ProjectConfigurationPlatforms) = postSolution
		{06F0BD08-80F1-4363-84AD-77CEC87F80AE}.Debug|Any CPU.ActiveCfg = Debug|Any CPU
		{06F0BD08-80F1-4363-84AD-77CEC87F80AE}.Debug|Any CPU.Build.0 = Debug|Any CPU
		{06F0BD08-80F1-4363-84AD-77CEC87F80AE}.Release|Any CPU.ActiveCfg = Release|Any CPU
		{06F0BD08-80F1-4363-84AD-77CEC87F80AE}.Release|Any CPU.Build.0 = Release|Any CPU
	EndGlobalSection
	GlobalSection(SolutionProperties) = preSolution
		HideSolutionNode = FALSE
	EndGlobalSection
	GlobalSection(ExtensibilityGlobals) = postSolution
		SolutionGuid = {248D4149-F095-415F-919E-6083B9B50B5F}
	EndGlobalSection
EndGlobal
